{
  "name": "@mtimma/knowerage",
  "version": "1.0.3",
  "lockfileVersion": 3,
  "requires": true,
  "packages": {
    "": {
      "name": "@mtimma/knowerage",
      "version": "1.0.3",
      "license": "MIT",
      "bin": {
        "knowerage": "bin/knowerage.js"
      },
      "engines": {
        "node": ">=18"
      },
      "optionalDependencies": {
        "@mtimma/knowerage-darwin-arm64": "1.0.3",
        "@mtimma/knowerage-darwin-x64": "1.0.3",
        "@mtimma/knowerage-linux-arm64-gnu": "1.0.3",
        "@mtimma/knowerage-linux-x64": "1.0.3",
        "@mtimma/knowerage-win32-arm64": "1.0.3",
        "@mtimma/knowerage-win32-x64": "1.0.3"
      }
    }
  }
}
