{
  "name": "knowerage-mcp",
  "version": "1.0.0",
  "lockfileVersion": 3,
  "requires": true,
  "packages": {
    "": {
      "name": "knowerage-mcp",
      "version": "1.0.0",
      "bin": {
        "knowerage-mcp": "bin/knowerage-mcp.js"
      },
      "engines": {
        "node": ">=18"
      },
      "optionalDependencies": {
        "knowerage-mcp-darwin-arm64": "1.0.0",
        "knowerage-mcp-darwin-x64": "1.0.0",
        "knowerage-mcp-linux-arm64-gnu": "1.0.0",
        "knowerage-mcp-linux-x64": "1.0.0",
        "knowerage-mcp-win32-arm64": "1.0.0",
        "knowerage-mcp-win32-x64": "1.0.0"
      }
    }
  }
}
